
Microsoft Visual Studio Solution File, Format Version 12.00
# Visual Studio 14
VisualStudioVersion = 14.0.23107.0
MinimumVisualStudioVersion = 10.0.40219.1
Project("{2150E333-8FDC-42A3-9474-1A3956D46DE8}") = "src", "src", "{F6BD0CD7-5B91-4066-A5AD-51468B94F3DD}"
EndProject
Project("{2150E333-8FDC-42A3-9474-1A3956D46DE8}") = "Solution Items", "Solution Items", "{FDE3C23B-A4B0-48AC-833D-96D9F17BCE16}"
	ProjectSection(SolutionItems) = preProject
		global.json = global.json
	EndProjectSection
EndProject
Project("{8BB2217D-0F2D-49D1-97BC-3654ED321F3B}") = "APlanner", "src\APlanner\APlanner.xproj", "{2C744CEF-33D5-4CE8-AB26-547562871DB0}"
EndProject
Global
	GlobalSection(SolutionConfigurationPlatforms) = preSolution
		Debug|Any CPU = Debug|Any CPU
		Release|Any CPU = Release|Any CPU
	EndGlobalSection
	GlobalSection(ProjectConfigurationPlatforms) = postSolution
		{2C744CEF-33D5-4CE8-AB26-547562871DB0}.Debug|Any CPU.ActiveCfg = Debug|Any CPU
		{2C744CEF-33D5-4CE8-AB26-547562871DB0}.Debug|Any CPU.Build.0 = Debug|Any CPU
		{2C744CEF-33D5-4CE8-AB26-547562871DB0}.Release|Any CPU.ActiveCfg = Release|Any CPU
		{2C744CEF-33D5-4CE8-AB26-547562871DB0}.Release|Any CPU.Build.0 = Release|Any CPU
	EndGlobalSection
	GlobalSection(SolutionProperties) = preSolution
		HideSolutionNode = FALSE
	EndGlobalSection
	GlobalSection(NestedProjects) = preSolution
		{2C744CEF-33D5-4CE8-AB26-547562871DB0} = {F6BD0CD7-5B91-4066-A5AD-51468B94F3DD}
	EndGlobalSection
EndGlobal
