
Microsoft Visual Studio Solution File, Format Version 12.00
# Visual Studio 14
VisualStudioVersion = 14.0.23107.0
MinimumVisualStudioVersion = 10.0.40219.1
Project("{2150E333-8FDC-42A3-9474-1A3956D46DE8}") = "src", "src", "{7A171BF4-4FFA-4536-B364-5487BA92FE7B}"
EndProject
Project("{2150E333-8FDC-42A3-9474-1A3956D46DE8}") = "Solution Items", "Solution Items", "{0DF457C5-D5D8-4F38-A0E0-67B89F37AEDB}"
	ProjectSection(SolutionItems) = preProject
		global.json = global.json
	EndProjectSection
EndProject
Project("{8BB2217D-0F2D-49D1-97BC-3654ED321F3B}") = "APlanner", "src\APlanner\APlanner.xproj", "{02F0633A-E6C2-4AE6-9923-1CE81147064E}"
EndProject
Global
	GlobalSection(SolutionConfigurationPlatforms) = preSolution
		Debug|Any CPU = Debug|Any CPU
		Release|Any CPU = Release|Any CPU
	EndGlobalSection
	GlobalSection(ProjectConfigurationPlatforms) = postSolution
		{02F0633A-E6C2-4AE6-9923-1CE81147064E}.Debug|Any CPU.ActiveCfg = Debug|Any CPU
		{02F0633A-E6C2-4AE6-9923-1CE81147064E}.Debug|Any CPU.Build.0 = Debug|Any CPU
		{02F0633A-E6C2-4AE6-9923-1CE81147064E}.Release|Any CPU.ActiveCfg = Release|Any CPU
		{02F0633A-E6C2-4AE6-9923-1CE81147064E}.Release|Any CPU.Build.0 = Release|Any CPU
	EndGlobalSection
	GlobalSection(SolutionProperties) = preSolution
		HideSolutionNode = FALSE
	EndGlobalSection
	GlobalSection(NestedProjects) = preSolution
		{02F0633A-E6C2-4AE6-9923-1CE81147064E} = {7A171BF4-4FFA-4536-B364-5487BA92FE7B}
	EndGlobalSection
EndGlobal
